// !$*UTF8*$!
{
	archiveVersion = 1;
	classes = {
	};
	objectVersion = 51;
	objects = {

/* Begin PBXBuildFile section */
		289FFDBE5AD8A5CB5997C103 /* Pods_FindMyBank.framework in Frameworks */ = {isa = PBXBuildFile; fileRef = 7A5066CD15F443151496E501 /* Pods_FindMyBank.framework */; };
		642D43CD22CA802000FA7903 /* MapViewController.swift in Sources */ = {isa = PBXBuildFile; fileRef = 642D43CC22CA802000FA7903 /* MapViewController.swift */; };
		6448E40222C8FE310023AE22 /* TableViewController.swift in Sources */ = {isa = PBXBuildFile; fileRef = 6448E40122C8FE310023AE22 /* TableViewController.swift */; };
		6466C68E22CA28BD009D7E80 /* Offices.json in Resources */ = {isa = PBXBuildFile; fileRef = 647BDCED22CA112800E2D5F2 /* Offices.json */; };
		6466C69022CA2D56009D7E80 /* Office.swift in Sources */ = {isa = PBXBuildFile; fileRef = 6466C68F22CA2D56009D7E80 /* Office.swift */; };
		646C771C22C8F5D200E19B9D /* AppDelegate.swift in Sources */ = {isa = PBXBuildFile; fileRef = 646C771B22C8F5D200E19B9D /* AppDelegate.swift */; };
		646C772122C8F5D200E19B9D /* Main.storyboard in Resources */ = {isa = PBXBuildFile; fileRef = 646C771F22C8F5D200E19B9D /* Main.storyboard */; };
		646C772322C8F5DB00E19B9D /* Assets.xcassets in Resources */ = {isa = PBXBuildFile; fileRef = 646C772222C8F5DB00E19B9D /* Assets.xcassets */; };
		646C772622C8F5DB00E19B9D /* LaunchScreen.storyboard in Resources */ = {isa = PBXBuildFile; fileRef = 646C772422C8F5DB00E19B9D /* LaunchScreen.storyboard */; };
		647B0A2322CA5C8400B82820 /* DetailViewController.swift in Sources */ = {isa = PBXBuildFile; fileRef = 647B0A2222CA5C8400B82820 /* DetailViewController.swift */; };
/* End PBXBuildFile section */

/* Begin PBXFileReference section */
		23351225CAA6ECF91045E9D7 /* Pods-FindMyBank.debug.xcconfig */ = {isa = PBXFileReference; includeInIndex = 1; lastKnownFileType = text.xcconfig; name = "Pods-FindMyBank.debug.xcconfig"; path = "Target Support Files/Pods-FindMyBank/Pods-FindMyBank.debug.xcconfig"; sourceTree = "<group>"; };
		642D43CC22CA802000FA7903 /* MapViewController.swift */ = {isa = PBXFileReference; lastKnownFileType = sourcecode.swift; path = MapViewController.swift; sourceTree = "<group>"; };
		6448E40122C8FE310023AE22 /* TableViewController.swift */ = {isa = PBXFileReference; lastKnownFileType = sourcecode.swift; path = TableViewController.swift; sourceTree = "<group>"; };
		6466C68F22CA2D56009D7E80 /* Office.swift */ = {isa = PBXFileReference; lastKnownFileType = sourcecode.swift; path = Office.swift; sourceTree = "<group>"; };
		646C771822C8F5D200E19B9D /* FindMyBank.app */ = {isa = PBXFileReference; explicitFileType = wrapper.application; includeInIndex = 0; path = FindMyBank.app; sourceTree = BUILT_PRODUCTS_DIR; };
		646C771B22C8F5D200E19B9D /* AppDelegate.swift */ = {isa = PBXFileReference; lastKnownFileType = sourcecode.swift; path = AppDelegate.swift; sourceTree = "<group>"; };
		646C772022C8F5D200E19B9D /* Base */ = {isa = PBXFileReference; lastKnownFileType = file.storyboard; name = Base; path = Base.lproj/Main.storyboard; sourceTree = "<group>"; };
		646C772222C8F5DB00E19B9D /* Assets.xcassets */ = {isa = PBXFileReference; lastKnownFileType = folder.assetcatalog; path = Assets.xcassets; sourceTree = "<group>"; };
		646C772522C8F5DB00E19B9D /* Base */ = {isa = PBXFileReference; lastKnownFileType = file.storyboard; name = Base; path = Base.lproj/LaunchScreen.storyboard; sourceTree = "<group>"; };
		646C772722C8F5DB00E19B9D /* Info.plist */ = {isa = PBXFileReference; lastKnownFileType = text.plist.xml; path = Info.plist; sourceTree = "<group>"; };
		647B0A2222CA5C8400B82820 /* DetailViewController.swift */ = {isa = PBXFileReference; lastKnownFileType = sourcecode.swift; path = DetailViewController.swift; sourceTree = "<group>"; };
		647BDCED22CA112800E2D5F2 /* Offices.json */ = {isa = PBXFileReference; lastKnownFileType = text.json; name = Offices.json; path = FindMyBank/Offices.json; sourceTree = "<group>"; };
		7A5066CD15F443151496E501 /* Pods_FindMyBank.framework */ = {isa = PBXFileReference; explicitFileType = wrapper.framework; includeInIndex = 0; path = Pods_FindMyBank.framework; sourceTree = BUILT_PRODUCTS_DIR; };
		F5A72D1F15EAEB4B2A875777 /* Pods-FindMyBank.release.xcconfig */ = {isa = PBXFileReference; includeInIndex = 1; lastKnownFileType = text.xcconfig; name = "Pods-FindMyBank.release.xcconfig"; path = "Target Support Files/Pods-FindMyBank/Pods-FindMyBank.release.xcconfig"; sourceTree = "<group>"; };
/* End PBXFileReference section */

/* Begin PBXFrameworksBuildPhase section */
		646C771522C8F5D200E19B9D /* Frameworks */ = {
			isa = PBXFrameworksBuildPhase;
			buildActionMask = 2147483647;
			files = (
				289FFDBE5AD8A5CB5997C103 /* Pods_FindMyBank.framework in Frameworks */,
			);
			runOnlyForDeploymentPostprocessing = 0;
		};
/* End PBXFrameworksBuildPhase section */

/* Begin PBXGroup section */
		2E652DB7FFC047F4091B43B0 /* Pods */ = {
			isa = PBXGroup;
			children = (
				23351225CAA6ECF91045E9D7 /* Pods-FindMyBank.debug.xcconfig */,
				F5A72D1F15EAEB4B2A875777 /* Pods-FindMyBank.release.xcconfig */,
			);
			path = Pods;
			sourceTree = "<group>";
		};
		646C770F22C8F5D200E19B9D = {
			isa = PBXGroup;
			children = (
				647BDCED22CA112800E2D5F2 /* Offices.json */,
				646C771A22C8F5D200E19B9D /* FindMyBank */,
				646C771922C8F5D200E19B9D /* Products */,
				2E652DB7FFC047F4091B43B0 /* Pods */,
				B25BEEC3C0F7C84A306D3DD2 /* Frameworks */,
			);
			sourceTree = "<group>";
		};
		646C771922C8F5D200E19B9D /* Products */ = {
			isa = PBXGroup;
			children = (
				646C771822C8F5D200E19B9D /* FindMyBank.app */,
			);
			name = Products;
			sourceTree = "<group>";
		};
		646C771A22C8F5D200E19B9D /* FindMyBank */ = {
			isa = PBXGroup;
			children = (
				646C771B22C8F5D200E19B9D /* AppDelegate.swift */,
				647B0A2422CA5C9400B82820 /* Model */,
				647B0A2522CA5CAA00B82820 /* View */,
				647B0A2622CA5CB100B82820 /* Controller */,
				646C772222C8F5DB00E19B9D /* Assets.xcassets */,
				646C772422C8F5DB00E19B9D /* LaunchScreen.storyboard */,
				646C772722C8F5DB00E19B9D /* Info.plist */,
			);
			path = FindMyBank;
			sourceTree = "<group>";
		};
		647B0A2422CA5C9400B82820 /* Model */ = {
			isa = PBXGroup;
			children = (
				6466C68F22CA2D56009D7E80 /* Office.swift */,
			);
			path = Model;
			sourceTree = "<group>";
		};
		647B0A2522CA5CAA00B82820 /* View */ = {
			isa = PBXGroup;
			children = (
				646C771F22C8F5D200E19B9D /* Main.storyboard */,
			);
			path = View;
			sourceTree = "<group>";
		};
		647B0A2622CA5CB100B82820 /* Controller */ = {
			isa = PBXGroup;
			children = (
				6448E40122C8FE310023AE22 /* TableViewController.swift */,
				647B0A2222CA5C8400B82820 /* DetailViewController.swift */,
				642D43CC22CA802000FA7903 /* MapViewController.swift */,
			);
			path = Controller;
			sourceTree = "<group>";
		};
		B25BEEC3C0F7C84A306D3DD2 /* Frameworks */ = {
			isa = PBXGroup;
			children = (
				7A5066CD15F443151496E501 /* Pods_FindMyBank.framework */,
			);
			name = Frameworks;
			sourceTree = "<group>";
		};
/* End PBXGroup section */

/* Begin PBXNativeTarget section */
		646C771722C8F5D200E19B9D /* FindMyBank */ = {
			isa = PBXNativeTarget;
			buildConfigurationList = 646C772A22C8F5DB00E19B9D /* Build configuration list for PBXNativeTarget "FindMyBank" */;
			buildPhases = (
				9FC332BD864DA2544AEB2324 /* [CP] Check Pods Manifest.lock */,
				646C771422C8F5D200E19B9D /* Sources */,
				646C771522C8F5D200E19B9D /* Frameworks */,
				646C771622C8F5D200E19B9D /* Resources */,
				4C9C6C983447FC294AC61BDC /* [CP] Embed Pods Frameworks */,
			);
			buildRules = (
			);
			dependencies = (
			);
			name = FindMyBank;
			productName = FindMyBank;
			productReference = 646C771822C8F5D200E19B9D /* FindMyBank.app */;
			productType = "com.apple.product-type.application";
		};
/* End PBXNativeTarget section */

/* Begin PBXProject section */
		646C771022C8F5D200E19B9D /* Project object */ = {
			isa = PBXProject;
			attributes = {
				LastSwiftUpdateCheck = 1010;
				LastUpgradeCheck = 1010;
				ORGANIZATIONNAME = GabrielVM;
				TargetAttributes = {
					646C771722C8F5D200E19B9D = {
						CreatedOnToolsVersion = 10.1;
					};
				};
			};
			buildConfigurationList = 646C771322C8F5D200E19B9D /* Build configuration list for PBXProject "FindMyBank" */;
			compatibilityVersion = "Xcode 9.3";
			developmentRegion = en;
			hasScannedForEncodings = 0;
			knownRegions = (
				en,
				Base,
			);
			mainGroup = 646C770F22C8F5D200E19B9D;
			productRefGroup = 646C771922C8F5D200E19B9D /* Products */;
			projectDirPath = "";
			projectRoot = "";
			targets = (
				646C771722C8F5D200E19B9D /* FindMyBank */,
			);
		};
/* End PBXProject section */

/* Begin PBXResourcesBuildPhase section */
		646C771622C8F5D200E19B9D /* Resources */ = {
			isa = PBXResourcesBuildPhase;
			buildActionMask = 2147483647;
			files = (
				6466C68E22CA28BD009D7E80 /* Offices.json in Resources */,
				646C772622C8F5DB00E19B9D /* LaunchScreen.storyboard in Resources */,
				646C772322C8F5DB00E19B9D /* Assets.xcassets in Resources */,
				646C772122C8F5D200E19B9D /* Main.storyboard in Resources */,
			);
			runOnlyForDeploymentPostprocessing = 0;
		};
/* End PBXResourcesBuildPhase section */

/* Begin PBXShellScriptBuildPhase section */
		4C9C6C983447FC294AC61BDC /* [CP] Embed Pods Frameworks */ = {
			isa = PBXShellScriptBuildPhase;
			buildActionMask = 2147483647;
			files = (
			);
			inputFileListPaths = (
				"${PODS_ROOT}/Target Support Files/Pods-FindMyBank/Pods-FindMyBank-frameworks-${CONFIGURATION}-input-files.xcfilelist",
			);
			name = "[CP] Embed Pods Frameworks";
			outputFileListPaths = (
				"${PODS_ROOT}/Target Support Files/Pods-FindMyBank/Pods-FindMyBank-frameworks-${CONFIGURATION}-output-files.xcfilelist",
			);
			runOnlyForDeploymentPostprocessing = 0;
			shellPath = /bin/sh;
			shellScript = "\"${PODS_ROOT}/Target Support Files/Pods-FindMyBank/Pods-FindMyBank-frameworks.sh\"\n";
			showEnvVarsInLog = 0;
		};
		9FC332BD864DA2544AEB2324 /* [CP] Check Pods Manifest.lock */ = {
			isa = PBXShellScriptBuildPhase;
			buildActionMask = 2147483647;
			files = (
			);
			inputFileListPaths = (
			);
			inputPaths = (
				"${PODS_PODFILE_DIR_PATH}/Podfile.lock",
				"${PODS_ROOT}/Manifest.lock",
			);
			name = "[CP] Check Pods Manifest.lock";
			outputFileListPaths = (
			);
			outputPaths = (
				"$(DERIVED_FILE_DIR)/Pods-FindMyBank-checkManifestLockResult.txt",
			);
			runOnlyForDeploymentPostprocessing = 0;
			shellPath = /bin/sh;
			shellScript = "diff \"${PODS_PODFILE_DIR_PATH}/Podfile.lock\" \"${PODS_ROOT}/Manifest.lock\" > /dev/null\nif [ $? != 0 ] ; then\n    # print error to STDERR\n    echo \"error: The sandbox is not in sync with the Podfile.lock. Run 'pod install' or update your CocoaPods installation.\" >&2\n    exit 1\nfi\n# This output is used by Xcode 'outputs' to avoid re-running this script phase.\necho \"SUCCESS\" > \"${SCRIPT_OUTPUT_FILE_0}\"\n";
			showEnvVarsInLog = 0;
		};
/* End PBXShellScriptBuildPhase section */

/* Begin PBXSourcesBuildPhase section */
		646C771422C8F5D200E19B9D /* Sources */ = {
			isa = PBXSourcesBuildPhase;
			buildActionMask = 2147483647;
			files = (
				6466C69022CA2D56009D7E80 /* Office.swift in Sources */,
				646C771C22C8F5D200E19B9D /* AppDelegate.swift in Sources */,
				6448E40222C8FE310023AE22 /* TableViewController.swift in Sources */,
				642D43CD22CA802000FA7903 /* MapViewController.swift in Sources */,
				647B0A2322CA5C8400B82820 /* DetailViewController.swift in Sources */,
			);
			runOnlyForDeploymentPostprocessing = 0;
		};
/* End PBXSourcesBuildPhase section */

/* Begin PBXVariantGroup section */
		646C771F22C8F5D200E19B9D /* Main.storyboard */ = {
			isa = PBXVariantGroup;
			children = (
				646C772022C8F5D200E19B9D /* Base */,
			);
			name = Main.storyboard;
			sourceTree = "<group>";
		};
		646C772422C8F5DB00E19B9D /* LaunchScreen.storyboard */ = {
			isa = PBXVariantGroup;
			children = (
				646C772522C8F5DB00E19B9D /* Base */,
			);
			name = LaunchScreen.storyboard;
			sourceTree = "<group>";
		};
/* End PBXVariantGroup section */

/* Begin XCBuildConfiguration section */
		646C772822C8F5DB00E19B9D /* Debug */ = {
			isa = XCBuildConfiguration;
			buildSettings = {
				ALWAYS_SEARCH_USER_PATHS = NO;
				CLANG_ANALYZER_NONNULL = YES;
				CLANG_ANALYZER_NUMBER_OBJECT_CONVERSION = YES_AGGRESSIVE;
				CLANG_CXX_LANGUAGE_STANDARD = "gnu++14";
				CLANG_CXX_LIBRARY = "libc++";
				CLANG_ENABLE_MODULES = YES;
				CLANG_ENABLE_OBJC_ARC = YES;
				CLANG_ENABLE_OBJC_WEAK = YES;
				CLANG_WARN_BLOCK_CAPTURE_AUTORELEASING = YES;
				CLANG_WARN_BOOL_CONVERSION = YES;
				CLANG_WARN_COMMA = YES;
				CLANG_WARN_CONSTANT_CONVERSION = YES;
				CLANG_WARN_DEPRECATED_OBJC_IMPLEMENTATIONS = YES;
				CLANG_WARN_DIRECT_OBJC_ISA_USAGE = YES_ERROR;
				CLANG_WARN_DOCUMENTATION_COMMENTS = YES;
				CLANG_WARN_EMPTY_BODY = YES;
				CLANG_WARN_ENUM_CONVERSION = YES;
				CLANG_WARN_INFINITE_RECURSION = YES;
				CLANG_WARN_INT_CONVERSION = YES;
				CLANG_WARN_NON_LITERAL_NULL_CONVERSION = YES;
				CLANG_WARN_OBJC_IMPLICIT_RETAIN_SELF = YES;
				CLANG_WARN_OBJC_LITERAL_CONVERSION = YES;
				CLANG_WARN_OBJC_ROOT_CLASS = YES_ERROR;
				CLANG_WARN_RANGE_LOOP_ANALYSIS = YES;
				CLANG_WARN_STRICT_PROTOTYPES = YES;
				CLANG_WARN_SUSPICIOUS_MOVE = YES;
				CLANG_WARN_UNGUARDED_AVAILABILITY = YES_AGGRESSIVE;
				CLANG_WARN_UNREACHABLE_CODE = YES;
				CLANG_WARN__DUPLICATE_METHOD_MATCH = YES;
				CODE_SIGN_IDENTITY = "iPhone Developer";
				COPY_PHASE_STRIP = NO;
				DEBUG_INFORMATION_FORMAT = dwarf;
				ENABLE_STRICT_OBJC_MSGSEND = YES;
				ENABLE_TESTABILITY = YES;
				GCC_C_LANGUAGE_STANDARD = gnu11;
				GCC_DYNAMIC_NO_PIC = NO;
				GCC_NO_COMMON_BLOCKS = YES;
				GCC_OPTIMIZATION_LEVEL = 0;
				GCC_PREPROCESSOR_DEFINITIONS = (
					"DEBUG=1",
					"$(inherited)",
				);
				GCC_WARN_64_TO_32_BIT_CONVERSION = YES;
				GCC_WARN_ABOUT_RETURN_TYPE = YES_ERROR;
				GCC_WARN_UNDECLARED_SELECTOR = YES;
				GCC_WARN_UNINITIALIZED_AUTOS = YES_AGGRESSIVE;
				GCC_WARN_UNUSED_FUNCTION = YES;
				GCC_WARN_UNUSED_VARIABLE = YES;
				IPHONEOS_DEPLOYMENT_TARGET = 12.1;
				MTL_ENABLE_DEBUG_INFO = INCLUDE_SOURCE;
				MTL_FAST_MATH = YES;
				ONLY_ACTIVE_ARCH = YES;
				SDKROOT = iphoneos;
				SWIFT_ACTIVE_COMPILATION_CONDITIONS = DEBUG;
				SWIFT_OPTIMIZATION_LEVEL = "-Onone";
			};
			name = Debug;
		};
		646C772922C8F5DB00E19B9D /* Release */ = {
			isa = XCBuildConfiguration;
			buildSettings = {
				ALWAYS_SEARCH_USER_PATHS = NO;
				CLANG_ANALYZER_NONNULL = YES;
				CLANG_ANALYZER_NUMBER_OBJECT_CONVERSION = YES_AGGRESSIVE;
				CLANG_CXX_LANGUAGE_STANDARD = "gnu++14";
				CLANG_CXX_LIBRARY = "libc++";
				CLANG_ENABLE_MODULES = YES;
				CLANG_ENABLE_OBJC_ARC = YES;
				CLANG_ENABLE_OBJC_WEAK = YES;
				CLANG_WARN_BLOCK_CAPTURE_AUTORELEASING = YES;
				CLANG_WARN_BOOL_CONVERSION = YES;
				CLANG_WARN_COMMA = YES;
				CLANG_WARN_CONSTANT_CONVERSION = YES;
				CLANG_WARN_DEPRECATED_OBJC_IMPLEMENTATIONS = YES;
				CLANG_WARN_DIRECT_OBJC_ISA_USAGE = YES_ERROR;
				CLANG_WARN_DOCUMENTATION_COMMENTS = YES;
				CLANG_WARN_EMPTY_BODY = YES;
				CLANG_WARN_ENUM_CONVERSION = YES;
				CLANG_WARN_INFINITE_RECURSION = YES;
				CLANG_WARN_INT_CONVERSION = YES;
				CLANG_WARN_NON_LITERAL_NULL_CONVERSION = YES;
				CLANG_WARN_OBJC_IMPLICIT_RETAIN_SELF = YES;
				CLANG_WARN_OBJC_LITERAL_CONVERSION = YES;
				CLANG_WARN_OBJC_ROOT_CLASS = YES_ERROR;
				CLANG_WARN_RANGE_LOOP_ANALYSIS = YES;
				CLANG_WARN_STRICT_PROTOTYPES = YES;
				CLANG_WARN_SUSPICIOUS_MOVE = YES;
				CLANG_WARN_UNGUARDED_AVAILABILITY = YES_AGGRESSIVE;
				CLANG_WARN_UNREACHABLE_CODE = YES;
				CLANG_WARN__DUPLICATE_METHOD_MATCH = YES;
				CODE_SIGN_IDENTITY = "iPhone Developer";
				COPY_PHASE_STRIP = NO;
				DEBUG_INFORMATION_FORMAT = "dwarf-with-dsym";
				ENABLE_NS_ASSERTIONS = NO;
				ENABLE_STRICT_OBJC_MSGSEND = YES;
				GCC_C_LANGUAGE_STANDARD = gnu11;
				GCC_NO_COMMON_BLOCKS = YES;
				GCC_WARN_64_TO_32_BIT_CONVERSION = YES;
				GCC_WARN_ABOUT_RETURN_TYPE = YES_ERROR;
				GCC_WARN_UNDECLARED_SELECTOR = YES;
				GCC_WARN_UNINITIALIZED_AUTOS = YES_AGGRESSIVE;
				GCC_WARN_UNUSED_FUNCTION = YES;
				GCC_WARN_UNUSED_VARIABLE = YES;
				IPHONEOS_DEPLOYMENT_TARGET = 12.1;
				MTL_ENABLE_DEBUG_INFO = NO;
				MTL_FAST_MATH = YES;
				SDKROOT = iphoneos;
				SWIFT_COMPILATION_MODE = wholemodule;
				SWIFT_OPTIMIZATION_LEVEL = "-O";
				VALIDATE_PRODUCT = YES;
			};
			name = Release;
		};
		646C772B22C8F5DB00E19B9D /* Debug */ = {
			isa = XCBuildConfiguration;
			baseConfigurationReference = 23351225CAA6ECF91045E9D7 /* Pods-FindMyBank.debug.xcconfig */;
			buildSettings = {
				ASSETCATALOG_COMPILER_APPICON_NAME = AppIcon;
				CODE_SIGN_STYLE = Automatic;
				DEVELOPMENT_TEAM = 8SMHTAU2YY;
				INFOPLIST_FILE = FindMyBank/Info.plist;
				LD_RUNPATH_SEARCH_PATHS = (
					"$(inherited)",
					"@executable_path/Frameworks",
				);
				PRODUCT_BUNDLE_IDENTIFIER = com.gabrielVM.FindMyBank;
				PRODUCT_NAME = "$(TARGET_NAME)";
				SWIFT_VERSION = 4.2;
				TARGETED_DEVICE_FAMILY = "1,2";
			};
			name = Debug;
		};
		646C772C22C8F5DB00E19B9D /* Release */ = {
			isa = XCBuildConfiguration;
			baseConfigurationReference = F5A72D1F15EAEB4B2A875777 /* Pods-FindMyBank.release.xcconfig */;
			buildSettings = {
				ASSETCATALOG_COMPILER_APPICON_NAME = AppIcon;
				CODE_SIGN_STYLE = Automatic;
				DEVELOPMENT_TEAM = 8SMHTAU2YY;
				INFOPLIST_FILE = FindMyBank/Info.plist;
				LD_RUNPATH_SEARCH_PATHS = (
					"$(inherited)",
					"@executable_path/Frameworks",
				);
				PRODUCT_BUNDLE_IDENTIFIER = com.gabrielVM.FindMyBank;
				PRODUCT_NAME = "$(TARGET_NAME)";
				SWIFT_VERSION = 4.2;
				TARGETED_DEVICE_FAMILY = "1,2";
			};
			name = Release;
		};
/* End XCBuildConfiguration section */

/* Begin XCConfigurationList section */
		646C771322C8F5D200E19B9D /* Build configuration list for PBXProject "FindMyBank" */ = {
			isa = XCConfigurationList;
			buildConfigurations = (
				646C772822C8F5DB00E19B9D /* Debug */,
				646C772922C8F5DB00E19B9D /* Release */,
			);
			defaultConfigurationIsVisible = 0;
			defaultConfigurationName = Release;
		};
		646C772A22C8F5DB00E19B9D /* Build configuration list for PBXNativeTarget "FindMyBank" */ = {
			isa = XCConfigurationList;
			buildConfigurations = (
				646C772B22C8F5DB00E19B9D /* Debug */,
				646C772C22C8F5DB00E19B9D /* Release */,
			);
			defaultConfigurationIsVisible = 0;
			defaultConfigurationName = Release;
		};
/* End XCConfigurationList section */
	};
	rootObject = 646C771022C8F5D200E19B9D /* Project object */;
}
